
Microsoft Visual Studio Solution File, Format Version 12.00
# Visual Studio Version 17
VisualStudioVersion = 17.5.002.0
MinimumVisualStudioVersion = 10.0.40219.1
Project("{9A19103F-16F7-4668-BE54-9A1E7A4F7556}") = "dotnet-greet", "dotnet-greet.csproj", "{E6754EA0-C698-4FDF-BC94-63EB5605CDFA}"
EndProject
Global
	GlobalSection(SolutionConfigurationPlatforms) = preSolution
		Debug|Any CPU = Debug|Any CPU
		Release|Any CPU = Release|Any CPU
	EndGlobalSection
	GlobalSection(ProjectConfigurationPlatforms) = postSolution
		{E6754EA0-C698-4FDF-BC94-63EB5605CDFA}.Debug|Any CPU.ActiveCfg = Debug|Any CPU
		{E6754EA0-C698-4FDF-BC94-63EB5605CDFA}.Debug|Any CPU.Build.0 = Debug|Any CPU
		{E6754EA0-C698-4FDF-BC94-63EB5605CDFA}.Release|Any CPU.ActiveCfg = Release|Any CPU
		{E6754EA0-C698-4FDF-BC94-63EB5605CDFA}.Release|Any CPU.Build.0 = Release|Any CPU
	EndGlobalSection
	GlobalSection(SolutionProperties) = preSolution
		HideSolutionNode = FALSE
	EndGlobalSection
	GlobalSection(ExtensibilityGlobals) = postSolution
		SolutionGuid = {B0F3D921-DAEB-48E0-9848-D22DCDAB6FDE}
	EndGlobalSection
EndGlobal
